PODS:
  - Differentiator (4.0.1)
  - ReachabilitySwift (4.3.1)
  - RxAnimated (0.7.0):
    - RxAnimated/Core (= 0.7.0)
    - RxCocoa (~> 5.1)
    - RxSwift (~> 5.1)
  - RxAnimated/Core (0.7.0):
    - RxCocoa (~> 5.1)
    - RxSwift (~> 5.1)
  - RxBiBinding (0.2.5):
    - RxCocoa (~> 5.0)
    - RxSwift (~> 5.0)
  - RxBlocking (5.1.1):
    - RxSwift (~> 5)
  - RxCocoa (5.1.1):
    - RxRelay (~> 5)
    - RxSwift (~> 5)
  - RxDataSources (4.0.1):
    - Differentiator (~> 4.0)
    - RxCocoa (~> 5.0)
    - RxSwift (~> 5.0)
  - RxKeyboard (1.0.0):
    - RxCocoa (~> 5.0)
    - RxSwift (~> 5.0)
  - RxReachability (1.0.0):
    - ReachabilitySwift (~> 4.3.1)
    - RxCocoa (~> 5)
    - RxSwift (~> 5)
  - RxRelay (5.1.1):
    - RxSwift (~> 5)
  - RxSwift (5.1.1)
  - RxSwiftExt (5.2.0):
    - RxSwiftExt/Core (= 5.2.0)
    - RxSwiftExt/RxCocoa (= 5.2.0)
  - RxSwiftExt/Core (5.2.0):
    - RxSwift (~> 5.0)
  - RxSwiftExt/RxCocoa (5.2.0):
    - RxCocoa (~> 5.0)
    - RxSwiftExt/Core
  - RxTest (5.1.1):
    - RxSwift (~> 5)

DEPENDENCIES:
  - RxAnimated (~> 0.7.0)
  - RxBiBinding (~> 0.2.5)
  - RxBlocking (~> 5)
  - RxCocoa (~> 5)
  - RxDataSources (~> 4.0)
  - RxKeyboard (~> 1.0.0)
  - RxReachability (~> 1.0.0)
  - RxSwift (~> 5)
  - RxSwiftExt (~> 5)
  - RxTest (~> 5)

SPEC REPOS:
  trunk:
    - Differentiator
    - ReachabilitySwift
    - RxAnimated
    - RxBiBinding
    - RxBlocking
    - RxCocoa
    - RxDataSources
    - RxKeyboard
    - RxReachability
    - RxRelay
    - RxSwift
    - RxSwiftExt
    - RxTest

SPEC CHECKSUMS:
  Differentiator: 886080237d9f87f322641dedbc5be257061b0602
  ReachabilitySwift: 4032e2f59586e11e3b0ebe15b167abdd587a388b
  RxAnimated: 8540892468e906e7404595bc51ed4b36b3737ab5
  RxBiBinding: 6cc627d9e0dfa0b2ce8470cd7e539f3cb100f782
  RxBlocking: 5f700a78cad61ce253ebd37c9a39b5ccc76477b4
  RxCocoa: 32065309a38d29b5b0db858819b5bf9ef038b601
  RxDataSources: efee07fa4de48477eca0a4611e6d11e2da9c1114
  RxKeyboard: 6683c4344304a00f943c158bd8a43ce5469c82a7
  RxReachability: 21d3e96f39bc166a21c357e923f47dec148ca97b
  RxRelay: d77f7d771495f43c556cbc43eebd1bb54d01e8e9
  RxSwift: 81470a2074fa8780320ea5fe4102807cb7118178
  RxSwiftExt: 4ca80336f43c28f11a2825cdd2fc61dd6c044697
  RxTest: 711632d5644dffbeb62c936a521b5b008a1e1faa

PODFILE CHECKSUM: 0ff40823a8807bd48fc0cba34a80cdb0998b453f

COCOAPODS: 1.9.3
